
Microsoft Visual Studio Solution File, Format Version 12.00
# Visual Studio Version 16
VisualStudioVersion = 16.0.810.21
MinimumVisualStudioVersion = 10.0.40219.1
Project("{FAE04EC0-301F-11D3-BF4B-00C04F79EFBC}") = "ActressMasUnity", "UnityWrapper\ActressMasUnity.csproj", "{C035B37D-1F84-4EEA-A9D7-8D811425722B}"
EndProject
Project("{FAE04EC0-301F-11D3-BF4B-00C04F79EFBC}") = "ActressMas", "ActressMas\ActressMas.csproj", "{512082B9-9B3A-43C8-9939-EFDFB1CAFF2E}"
EndProject
Global
	GlobalSection(SolutionConfigurationPlatforms) = preSolution
		Debug|Any CPU = Debug|Any CPU
		Release|Any CPU = Release|Any CPU
	EndGlobalSection
	GlobalSection(ProjectConfigurationPlatforms) = postSolution
		{C035B37D-1F84-4EEA-A9D7-8D811425722B}.Debug|Any CPU.ActiveCfg = Debug|Any CPU
		{C035B37D-1F84-4EEA-A9D7-8D811425722B}.Debug|Any CPU.Build.0 = Debug|Any CPU
		{C035B37D-1F84-4EEA-A9D7-8D811425722B}.Release|Any CPU.ActiveCfg = Release|Any CPU
		{C035B37D-1F84-4EEA-A9D7-8D811425722B}.Release|Any CPU.Build.0 = Release|Any CPU
		{512082B9-9B3A-43C8-9939-EFDFB1CAFF2E}.Debug|Any CPU.ActiveCfg = Debug|Any CPU
		{512082B9-9B3A-43C8-9939-EFDFB1CAFF2E}.Debug|Any CPU.Build.0 = Debug|Any CPU
		{512082B9-9B3A-43C8-9939-EFDFB1CAFF2E}.Release|Any CPU.ActiveCfg = Release|Any CPU
		{512082B9-9B3A-43C8-9939-EFDFB1CAFF2E}.Release|Any CPU.Build.0 = Release|Any CPU
	EndGlobalSection
	GlobalSection(SolutionProperties) = preSolution
		HideSolutionNode = FALSE
	EndGlobalSection
	GlobalSection(ExtensibilityGlobals) = postSolution
		SolutionGuid = {8EED45A4-C4C2-4F9D-B8A2-FA6695E8DF26}
	EndGlobalSection
EndGlobal
